{
  "lockfileVersion": 1,
  "workspaces": {
    "": {
      "name": "stomajs",
      "dependencies": {
        "@duckdb/node-api": "^1.3.1-alpha.23",
      },
      "devDependencies": {
        "@types/bun": "latest",
      },
      "peerDependencies": {
        "typescript": "^5",
      },
    },
  },
  "packages": {
    "@duckdb/node-api": ["@duckdb/node-api@1.3.1-alpha.23", "", { "dependencies": { "@duckdb/node-bindings": "1.3.1-alpha.23" } }, "sha512-D2dug8GMCC/PNkrB37gik0Wm74J3/JFQxIrEk7c02nK74BmLrZsxTRG5cLc6fqJuqj+AZ31jjgWroUtAaHSN/A=="],

    "@duckdb/node-bindings": ["@duckdb/node-bindings@1.3.1-alpha.23", "", { "optionalDependencies": { "@duckdb/node-bindings-darwin-arm64": "1.3.1-alpha.23", "@duckdb/node-bindings-darwin-x64": "1.3.1-alpha.23", "@duckdb/node-bindings-linux-arm64": "1.3.1-alpha.23", "@duckdb/node-bindings-linux-x64": "1.3.1-alpha.23", "@duckdb/node-bindings-win32-x64": "1.3.1-alpha.23" } }, "sha512-uVFuy0bfV/XHRtMKZMDjaONbZplGXBOep20DZqA8BbWwWBnc37XMZoXZcykLRXdMVvzUll13mwfL1InDa9k1gw=="],

    "@duckdb/node-bindings-darwin-arm64": ["@duckdb/node-bindings-darwin-arm64@1.3.1-alpha.23", "", { "os": "darwin", "cpu": "arm64" }, "sha512-4UbDqkp+vOACjkOp6kQiTtrkzZw9CFb1GIEcDLZ+iySka0fz5sNNldJUNPuCbWm0Racu17OBzoSXQqF5Q0KUmQ=="],

    "@duckdb/node-bindings-darwin-x64": ["@duckdb/node-bindings-darwin-x64@1.3.1-alpha.23", "", { "os": "darwin", "cpu": "x64" }, "sha512-qdBsiFR5dPswAwDiCqE227cP18618uKX5E3U5qEk0bsb9C8f+I+k3aHl8nLjE0vXOCxBUeI6xr3U9KskjyixpA=="],

    "@duckdb/node-bindings-linux-arm64": ["@duckdb/node-bindings-linux-arm64@1.3.1-alpha.23", "", { "os": "linux", "cpu": "arm64" }, "sha512-kqWaYd6AkpLkJbIPd4UqujQE2G/QCriLIgFkpUgWVqP3yyCL/Oq+5oRvRSdUsuFJQqHztj8L3ZOy76xd5q12Ww=="],

    "@duckdb/node-bindings-linux-x64": ["@duckdb/node-bindings-linux-x64@1.3.1-alpha.23", "", { "os": "linux", "cpu": "x64" }, "sha512-lANN+JYoBTqyOF0dGPiXz8r9+GGs6mm5nwB08boWYpQCjdoG2gFpK6XvT56HO+t01wbKIngDNrdThjqdZW9+Aw=="],

    "@duckdb/node-bindings-win32-x64": ["@duckdb/node-bindings-win32-x64@1.3.1-alpha.23", "", { "os": "win32", "cpu": "x64" }, "sha512-bYBLYPAIs4KTSnTtqsRnjBH1Hgu9QVa3Yxio4TYktneRG7rHeX89nKcfszLLIkSUt6xhRNwYoeSh/HbXmx46fA=="],

    "@types/bun": ["@types/bun@1.2.18", "", { "dependencies": { "bun-types": "1.2.18" } }, "sha512-Xf6RaWVheyemaThV0kUfaAUvCNokFr+bH8Jxp+tTZfx7dAPA8z9ePnP9S9+Vspzuxxx9JRAXhnyccRj3GyCMdQ=="],

    "@types/node": ["@types/node@24.0.10", "", { "dependencies": { "undici-types": "~7.8.0" } }, "sha512-ENHwaH+JIRTDIEEbDK6QSQntAYGtbvdDXnMXnZaZ6k13Du1dPMmprkEHIL7ok2Wl2aZevetwTAb5S+7yIF+enA=="],

    "@types/react": ["@types/react@19.1.8", "", { "dependencies": { "csstype": "^3.0.2" } }, "sha512-AwAfQ2Wa5bCx9WP8nZL2uMZWod7J7/JSplxbTmBQ5ms6QpqNYm672H0Vu9ZVKVngQ+ii4R/byguVEUZQyeg44g=="],

    "bun-types": ["bun-types@1.2.18", "", { "dependencies": { "@types/node": "*" }, "peerDependencies": { "@types/react": "^19" } }, "sha512-04+Eha5NP7Z0A9YgDAzMk5PHR16ZuLVa83b26kH5+cp1qZW4F6FmAURngE7INf4tKOvCE69vYvDEwoNl1tGiWw=="],

    "csstype": ["csstype@3.1.3", "", {}, "sha512-M1uQkMl8rQK/szD0LNhtqxIPLpimGm8sOBwU7lLnCpSbTyY3yeU1Vc7l4KT5zT4s/yOxHH5O7tIuuLOCnLADRw=="],

    "typescript": ["typescript@5.8.3", "", { "bin": { "tsc": "bin/tsc", "tsserver": "bin/tsserver" } }, "sha512-p1diW6TqL9L07nNxvRMM7hMMw4c5XOo/1ibL4aAIGmSAt9slTE1Xgw5KWuof2uTOvCg9BY7ZRi+GaF+7sfgPeQ=="],

    "undici-types": ["undici-types@7.8.0", "", {}, "sha512-9UJ2xGDvQ43tYyVMpuHlsgApydB8ZKfVYTsLDhXkFL/6gfkp+U8xTGdh8pMJv1SpZna0zxG1DwsKZsreLbXBxw=="],
  }
}
